
Microsoft Visual Studio Solution File, Format Version 12.00
# Visual Studio Version 17
VisualStudioVersion = 17.10.34928.147
MinimumVisualStudioVersion = 10.0.40219.1
Project("{FAE04EC0-301F-11D3-BF4B-00C04F79EFBC}") = "Assignment7.1.2 Merge 2 Words While Alternating Letters", "Assignment7.1.2 Merge 2 Words While Alternating Letters.csproj", "{39BCE5BB-C3BB-4CA3-8794-615372A6C87F}"
EndProject
Global
	GlobalSection(SolutionConfigurationPlatforms) = preSolution
		Debug|Any CPU = Debug|Any CPU
		Release|Any CPU = Release|Any CPU
	EndGlobalSection
	GlobalSection(ProjectConfigurationPlatforms) = postSolution
		{39BCE5BB-C3BB-4CA3-8794-615372A6C87F}.Debug|Any CPU.ActiveCfg = Debug|Any CPU
		{39BCE5BB-C3BB-4CA3-8794-615372A6C87F}.Debug|Any CPU.Build.0 = Debug|Any CPU
		{39BCE5BB-C3BB-4CA3-8794-615372A6C87F}.Release|Any CPU.ActiveCfg = Release|Any CPU
		{39BCE5BB-C3BB-4CA3-8794-615372A6C87F}.Release|Any CPU.Build.0 = Release|Any CPU
	EndGlobalSection
	GlobalSection(SolutionProperties) = preSolution
		HideSolutionNode = FALSE
	EndGlobalSection
	GlobalSection(ExtensibilityGlobals) = postSolution
		SolutionGuid = {1D015194-7173-420D-8244-5993496DBE2B}
	EndGlobalSection
EndGlobal
